{
  "name": "random-wallpaper-file",
  "version": "1.0.0",
  "lockfileVersion": 1,
  "requires": true,
  "dependencies": {
    "wallpaper": {
      "version": "4.4.2",
      "resolved": "https://registry.npmjs.org/wallpaper/-/wallpaper-4.4.2.tgz",
      "integrity": "sha512-u6Od6NU5UJ5zMalcV4RNKaG9DarZDdKEOMap556NhOal1vE7T7DrAJVXyLqqXDlINTTUqWbdRL/zs2VgCdRjjg=="
    }
  }
}
